{
  "requires": true,
  "lockfileVersion": 1,
  "dependencies": {
    "@react-spring/animated": {
      "version": "9.1.1",
      "resolved": "https://registry.npmjs.org/@react-spring/animated/-/animated-9.1.1.tgz",
      "integrity": "sha512-u8Assg5uySwqyoeb1f7eBAUSl8sleJTewdfhVi1EtcM9ngU2Snhcp6snF8NGxvf4gZp5z7v+Dfx3KdB2V8NnXQ==",
      "requires": {
        "@react-spring/shared": "~9.1.1",
        "@react-spring/types": "~9.1.1"
      }
    },
    "@react-spring/core": {
      "version": "9.1.1",
      "resolved": "https://registry.npmjs.org/@react-spring/core/-/core-9.1.1.tgz",
      "integrity": "sha512-flHeLN56idxQ1YIpUYY1m3r2ZAM2xg7Zb/pHBFSCbnOKP7TtlhAAOfmrabERqaThmrqkFKiq9FjyF76d3OjE5g==",
      "requires": {
        "@react-spring/animated": "~9.1.1",
        "@react-spring/shared": "~9.1.1",
        "@react-spring/types": "~9.1.1"
      }
    },
    "@react-spring/konva": {
      "version": "9.1.1",
      "resolved": "https://registry.npmjs.org/@react-spring/konva/-/konva-9.1.1.tgz",
      "integrity": "sha512-xD93j5gNYyNTspvtxZXIU91RIfAKdqHMCJ4m6pugFQyHpa3EYVFDIMkPx7l7sCngMH/9Ez5Irit7NDtp7rZ1Hw==",
      "requires": {
        "@react-spring/animated": "~9.1.1",
        "@react-spring/core": "~9.1.1",
        "@react-spring/shared": "~9.1.1",
        "@react-spring/types": "~9.1.1"
      }
    },
    "@react-spring/native": {
      "version": "9.1.1",
      "resolved": "https://registry.npmjs.org/@react-spring/native/-/native-9.1.1.tgz",
      "integrity": "sha512-eDBB4rSCmsuqyhc15VtEOQmEebvnMdg4Nh/OTyAvfDVNQTXm9H1LwZpKi1enxq2kUhpyZ8jX3kHzz3DPy0+Dag==",
      "requires": {
        "@react-spring/animated": "~9.1.1",
        "@react-spring/core": "~9.1.1",
        "@react-spring/shared": "~9.1.1",
        "@react-spring/types": "~9.1.1"
      }
    },
    "@react-spring/shared": {
      "version": "9.1.1",
      "resolved": "https://registry.npmjs.org/@react-spring/shared/-/shared-9.1.1.tgz",
      "integrity": "sha512-GA9A9l5JxC50eDTDPu5IDUMhQ4MiBrXd3ZdlI6/wUCgAsZ1wPx77sxaccomxlUomRet0IUcXCEKcL1Flax7ZMQ==",
      "requires": {
        "@react-spring/types": "~9.1.1",
        "rafz": "^0.1.14"
      }
    },
    "@react-spring/three": {
      "version": "9.1.1",
      "resolved": "https://registry.npmjs.org/@react-spring/three/-/three-9.1.1.tgz",
      "integrity": "sha512-0CW41OHFkyx9laD/ZEkuHLXTq58c25ZFPTD+NyI2wHuhI1wyM0YGhlueNFXVpzkgpwj9dYnpdI7KxN7Cx0dnJg==",
      "requires": {
        "@react-spring/animated": "~9.1.1",
        "@react-spring/core": "~9.1.1",
        "@react-spring/shared": "~9.1.1",
        "@react-spring/types": "~9.1.1"
      }
    },
    "@react-spring/types": {
      "version": "9.1.1",
      "resolved": "https://registry.npmjs.org/@react-spring/types/-/types-9.1.1.tgz",
      "integrity": "sha512-GaesYowey+nmDw/yhZ5jErEH2UaDl4jxax8aQtW5h3OpNu/QS8swoEn/jxQgffLb0n6gjsER7QyIx/dmZIWlyw=="
    },
    "@react-spring/web": {
      "version": "9.1.1",
      "resolved": "https://registry.npmjs.org/@react-spring/web/-/web-9.1.1.tgz",
      "integrity": "sha512-py4c/Agqz9Unf+Apame29XYTLqHnKXSwJA6Q44jcNtHRFMuRjIpCyhS13C1ZI5PcJT0g9b8CvtMQFiShne8wNQ==",
      "requires": {
        "@react-spring/animated": "~9.1.1",
        "@react-spring/core": "~9.1.1",
        "@react-spring/shared": "~9.1.1",
        "@react-spring/types": "~9.1.1"
      }
    },
    "@react-spring/zdog": {
      "version": "9.1.1",
      "resolved": "https://registry.npmjs.org/@react-spring/zdog/-/zdog-9.1.1.tgz",
      "integrity": "sha512-v0bSWfc0HtfAH+ijdml+/h8pFtP+WtWkd8pDq1ncfA0V0ey+8/SILE6vd69jSIYq8Wr/Q/qIpMvPmM77YkT+Ag==",
      "requires": {
        "@react-spring/animated": "~9.1.1",
        "@react-spring/core": "~9.1.1",
        "@react-spring/shared": "~9.1.1",
        "@react-spring/types": "~9.1.1"
      }
    },
    "js-tokens": {
      "version": "4.0.0",
      "resolved": "https://registry.npmjs.org/js-tokens/-/js-tokens-4.0.0.tgz",
      "integrity": "sha512-RdJUflcE3cUzKiMqQgsCu06FPu9UdIJO0beYbPhHN4k6apgJtifcoCtT9bcxOpYBtpD2kCM6Sbzg4CausW/PKQ=="
    },
    "loose-envify": {
      "version": "1.4.0",
      "resolved": "https://registry.npmjs.org/loose-envify/-/loose-envify-1.4.0.tgz",
      "integrity": "sha512-lyuxPGr/Wfhrlem2CL/UcnUc1zcqKAImBDzukY7Y5F/yQiNdko6+fRLevlw1HgMySw7f611UIY408EtxRSoK3Q==",
      "requires": {
        "js-tokens": "^3.0.0 || ^4.0.0"
      }
    },
    "object-assign": {
      "version": "4.1.1",
      "resolved": "https://registry.npmjs.org/object-assign/-/object-assign-4.1.1.tgz",
      "integrity": "sha1-IQmtx5ZYh8/AXLvUQsrIv7s2CGM="
    },
    "rafz": {
      "version": "0.1.14",
      "resolved": "https://registry.npmjs.org/rafz/-/rafz-0.1.14.tgz",
      "integrity": "sha512-YiQkedSt1urYtYbvHhTQR3l67M8SZbUvga5eJFM/v4vx/GmDdtXlE2hjJIyRjhhO/PjcdGC+CXCYOUA4onit8w=="
    },
    "react": {
      "version": "17.0.2",
      "resolved": "https://registry.npmjs.org/react/-/react-17.0.2.tgz",
      "integrity": "sha512-gnhPt75i/dq/z3/6q/0asP78D0u592D5L1pd7M8P+dck6Fu/jJeL6iVVK23fptSUZj8Vjf++7wXA8UNclGQcbA==",
      "requires": {
        "loose-envify": "^1.1.0",
        "object-assign": "^4.1.1"
      }
    },
    "react-spring": {
      "version": "9.1.1",
      "resolved": "https://registry.npmjs.org/react-spring/-/react-spring-9.1.1.tgz",
      "integrity": "sha512-gdRyLETB5183zCygEKXq5lNsNLSRXC8PZjEacB6CXC4gK7EErqsJBaC5vIHYc9/PMsi2XvUyTP17y8IhYHnKjg==",
      "requires": {
        "@react-spring/core": "~9.1.1",
        "@react-spring/konva": "~9.1.1",
        "@react-spring/native": "~9.1.1",
        "@react-spring/three": "~9.1.1",
        "@react-spring/web": "~9.1.1",
        "@react-spring/zdog": "~9.1.1"
      }
    }
  }
}
